
Microsoft Visual Studio Solution File, Format Version 12.00
Project("{FAE04EC0-301F-11D3-BF4B-00C04F79EFBC}") = "DMProject", "DMProject\DMProject.csproj", "{2408C81A-B007-4413-9487-28B9704B6D41}"
EndProject
Project("{FAE04EC0-301F-11D3-BF4B-00C04F79EFBC}") = "CSVWriter", "CSVWriter\CSVWriter.csproj", "{409A1C09-8716-4435-929C-C1136293DD96}"
EndProject
Global
	GlobalSection(SolutionConfigurationPlatforms) = preSolution
		Debug|Any CPU = Debug|Any CPU
		Release|Any CPU = Release|Any CPU
	EndGlobalSection
	GlobalSection(ProjectConfigurationPlatforms) = postSolution
		{2408C81A-B007-4413-9487-28B9704B6D41}.Debug|Any CPU.ActiveCfg = Debug|Any CPU
		{2408C81A-B007-4413-9487-28B9704B6D41}.Debug|Any CPU.Build.0 = Debug|Any CPU
		{2408C81A-B007-4413-9487-28B9704B6D41}.Release|Any CPU.ActiveCfg = Release|Any CPU
		{2408C81A-B007-4413-9487-28B9704B6D41}.Release|Any CPU.Build.0 = Release|Any CPU
		{409A1C09-8716-4435-929C-C1136293DD96}.Debug|Any CPU.ActiveCfg = Debug|Any CPU
		{409A1C09-8716-4435-929C-C1136293DD96}.Debug|Any CPU.Build.0 = Debug|Any CPU
		{409A1C09-8716-4435-929C-C1136293DD96}.Release|Any CPU.ActiveCfg = Release|Any CPU
		{409A1C09-8716-4435-929C-C1136293DD96}.Release|Any CPU.Build.0 = Release|Any CPU
	EndGlobalSection
EndGlobal
